version: 7
platforms:
- name: linux-64
environments:
  default:
    channels:
    - url: https://conda.anaconda.org/conda-forge/
    - url: https://conda.anaconda.org/bioconda/
    indexes:
    - https://pypi.org/simple
    packages:
      linux-64:
      - conda: https://conda.anaconda.org/bioconda/linux-64/bcftools-1.24-h487d631_1.conda
      - conda: https://conda.anaconda.org/bioconda/linux-64/bedtools-2.31.1-h13024bc_3.tar.bz2
      - conda: https://conda.anaconda.org/bioconda/linux-64/bowtie2-2.5.5-ha27dd3b_0.conda
      - conda: https://conda.anaconda.org/bioconda/linux-64/bwa-0.7.19-h577a1d6_1.tar.bz2
      - conda: https://conda.anaconda.org/bioconda/linux-64/bwa-mem2-2.3-he70b90d_0.tar.bz2
      - conda: https://conda.anaconda.org/bioconda/linux-64/htslib-1.24-ha79157c_0.conda
      - conda: https://conda.anaconda.org/bioconda/linux-64/k8-1.2-he8db53b_6.tar.bz2
      - conda: https://conda.anaconda.org/bioconda/linux-64/minimap2-2.31-h118bc1c_0.conda
      - conda: https://conda.anaconda.org/bioconda/linux-64/pybedtools-0.12.0-py312hedfda1a_1.conda
      - conda: https://conda.anaconda.org/bioconda/linux-64/pysam-0.24.0-py312hf5ad864_1.conda
      - conda: https://conda.anaconda.org/bioconda/linux-64/samtools-1.24-h9dcdb79_1.conda
      - conda: https://conda.anaconda.org/conda-forge/linux-64/_openmp_mutex-4.5-20_gnu.conda
      - conda: https://conda.anaconda.org/conda-forge/linux-64/biopython-1.87-py312h4c3975b_0.conda
      - conda: https://conda.anaconda.org/conda-forge/linux-64/bzip2-1.0.8-hda65f42_9.conda
      - conda: https://conda.anaconda.org/conda-forge/linux-64/c-ares-1.34.8-hb03c661_0.conda
      - conda: https://conda.anaconda.org/conda-forge/linux-64/gsl-2.7-he838d99_0.tar.bz2
      - conda: https://conda.anaconda.org/conda-forge/linux-64/icu-78.3-h33c6efd_0.conda
      - conda: https://conda.anaconda.org/conda-forge/linux-64/keyutils-1.6.3-hb9d3cd8_0.conda
      - conda: https://conda.anaconda.org/conda-forge/linux-64/krb5-1.22.2-hbde042b_1.conda
      - conda: https://conda.anaconda.org/conda-forge/linux-64/ld_impl_linux-64-2.46.1-default_hbd61a6d_102.conda
      - conda: https://conda.anaconda.org/conda-forge/linux-64/libblas-3.11.0-8_h4a7cf45_openblas.conda
      - conda: https://conda.anaconda.org/conda-forge/linux-64/libcblas-3.11.0-8_h0358290_openblas.conda
      - conda: https://conda.anaconda.org/conda-forge/linux-64/libcurl-8.21.0-hae6b9f4_2.conda
      - conda: https://conda.anaconda.org/conda-forge/linux-64/libdeflate-1.25-h17f619e_0.conda
      - conda: https://conda.anaconda.org/conda-forge/linux-64/libedit-3.1.20250104-pl5321h7949ede_0.conda
      - conda: https://conda.anaconda.org/conda-forge/linux-64/libev-4.33-hd590300_2.conda
      - conda: https://conda.anaconda.org/conda-forge/linux-64/libexpat-2.8.1-hecca717_1.conda
      - conda: https://conda.anaconda.org/conda-forge/linux-64/libffi-3.5.2-h3435931_0.conda
      - conda: https://conda.anaconda.org/conda-forge/linux-64/libgcc-15.2.0-he0feb66_19.conda
      - conda: https://conda.anaconda.org/conda-forge/linux-64/libgcc-ng-15.2.0-h69a702a_19.conda
      - conda: https://conda.anaconda.org/conda-forge/linux-64/libgfortran-15.2.0-h69a702a_19.conda
      - conda: https://conda.anaconda.org/conda-forge/linux-64/libgfortran5-15.2.0-h68bc16d_19.conda
      - conda: https://conda.anaconda.org/conda-forge/linux-64/libgomp-15.2.0-he0feb66_19.conda
      - conda: https://conda.anaconda.org/conda-forge/linux-64/liblapack-3.11.0-8_h47877c9_openblas.conda
      - conda: https://conda.anaconda.org/conda-forge/linux-64/liblzma-5.8.3-hb03c661_0.conda
      - conda: https://conda.anaconda.org/conda-forge/linux-64/libnghttp2-1.68.1-h877daf1_0.conda
      - conda: https://conda.anaconda.org/conda-forge/linux-64/libnsl-2.0.1-hb9d3cd8_1.conda
      - conda: https://conda.anaconda.org/conda-forge/linux-64/libopenblas-0.3.33-pthreads_h94d23a6_0.conda
      - conda: https://conda.anaconda.org/conda-forge/linux-64/libpsl-0.22.0-h49b2146_1.conda
      - conda: https://conda.anaconda.org/conda-forge/linux-64/libsqlite-3.53.3-h0c1763c_0.conda
      - conda: https://conda.anaconda.org/conda-forge/linux-64/libssh2-1.11.1-hcf80075_0.conda
      - conda: https://conda.anaconda.org/conda-forge/linux-64/libstdcxx-15.2.0-h934c35e_19.conda
      - conda: https://conda.anaconda.org/conda-forge/linux-64/libstdcxx-ng-15.2.0-hdf11a46_19.conda
      - conda: https://conda.anaconda.org/conda-forge/linux-64/libuuid-2.42.2-h5347b49_0.conda
      - conda: https://conda.anaconda.org/conda-forge/linux-64/libxcrypt-4.4.36-hd590300_1.conda
      - conda: https://conda.anaconda.org/conda-forge/linux-64/libzlib-1.3.2-h25fd6f3_2.conda
      - conda: https://conda.anaconda.org/conda-forge/linux-64/ncurses-6.6-hdb14827_0.conda
      - conda: https://conda.anaconda.org/conda-forge/linux-64/numpy-2.5.1-py312h33ff503_0.conda
      - conda: https://conda.anaconda.org/conda-forge/linux-64/openssl-3.6.3-h35e630c_0.conda
      - conda: https://conda.anaconda.org/conda-forge/linux-64/perl-5.32.1-7_hd590300_perl5.conda
      - conda: https://conda.anaconda.org/conda-forge/linux-64/python-3.12.13-hd63d673_0_cpython.conda
      - conda: https://conda.anaconda.org/conda-forge/linux-64/readline-8.3-h853b02a_0.conda
      - conda: https://conda.anaconda.org/conda-forge/linux-64/tk-8.6.13-noxft_hd70dff1_3.conda
      - conda: https://conda.anaconda.org/conda-forge/linux-64/zstd-1.5.7-hb78ec9c_6.conda
      - conda: https://conda.anaconda.org/conda-forge/noarch/ca-certificates-2026.6.17-hbd8a1cb_0.conda
      - conda: https://conda.anaconda.org/conda-forge/noarch/kernel-headers_linux-64-4.18.0-he073ed8_9.conda
      - conda: https://conda.anaconda.org/conda-forge/noarch/python_abi-3.12-8_cp312.conda
      - conda: https://conda.anaconda.org/conda-forge/noarch/sysroot_linux-64-2.28-h4ee821c_9.conda
      - conda: https://conda.anaconda.org/conda-forge/noarch/tzdata-2026c-h151e31d_0.conda
      - pypi: /rhome/nmath020/bigdata/github/github_tools/RelocaTE/RelocaTE3_jason/RelocaTE3
      - pypi: https://files.pythonhosted.org/packages/55/0f/e7f1ff3a1cabc6c4486a7ee1b0506aedf2f5f8329760ac1f4e8032feef2b/pysam-0.24.0-cp312-cp312-manylinux_2_27_x86_64.manylinux_2_28_x86_64.whl
      - pypi: https://files.pythonhosted.org/packages/65/b6/09b01cdbc15224e2850365192d17b7bdebb8bdbd8780ed221fcdf0d9a515/pandas-3.0.3-cp312-cp312-manylinux_2_24_x86_64.manylinux_2_28_x86_64.whl
      - pypi: https://files.pythonhosted.org/packages/89/93/5878b1eed2e0b6662002d069763025e4374c16ad3d18d8e10a9fefac7b16/pybedtools-0.12.0.tar.gz
      - pypi: https://files.pythonhosted.org/packages/b7/ce/149a00dd41f10bc29e5921b496af8b574d8413afcd5e30dfa0ed46c2cc5e/six-1.17.0-py2.py3-none-any.whl
      - pypi: https://files.pythonhosted.org/packages/ec/57/56b9bcc3c9c6a792fcbaf139543cee77261f3651ca9da0c93f5c1221264b/python_dateutil-2.9.0.post0-py2.py3-none-any.whl
packages:
- conda: https://conda.anaconda.org/bioconda/linux-64/bcftools-1.24-h487d631_1.conda
  sha256: dab430877b77dd490b03da46f3718d6d4446a2a9e693a58ba65aa63932f3dd03
  md5: 98a9c675e427248759c6290142fa5a53
  depends:
  - __glibc >=2.17,<3.0.a0
  - gsl >=2.7,<2.8.0a0
  - htslib >=1.24,<1.25.0a0
  - libgcc >=14
  - libzlib >=1.3.2,<2.0a0
  - perl
  license: GPL
  purls: []
  size: 968251
  timestamp: 1784058414878
- conda: https://conda.anaconda.org/bioconda/linux-64/bedtools-2.31.1-h13024bc_3.tar.bz2
  sha256: d8b7aef31be37da761a87e1263ea00d62b67134b546f018067786aa6d3dccfac
  md5: 99c4e90e82db906439e00beafb343d16
  depends:
  - bzip2 >=1.0.8,<2.0a0
  - libgcc >=13
  - liblzma >=5.6.3,<6.0a0
  - libstdcxx >=13
  - libzlib >=1.3.1,<2.0a0
  license: MIT
  size: 1607626
  timestamp: 1733852519791
- conda: https://conda.anaconda.org/bioconda/linux-64/bowtie2-2.5.5-ha27dd3b_0.conda
  sha256: 64c666e17228b41c1d4a7ab0ad505b58f50e2ff2e08f22cb2bbbd289090296e4
  md5: af24eb11ce11479ee06d7dc499da0a28
  depends:
  - _openmp_mutex >=4.5
  - libgcc >=14
  - libgomp
  - libstdcxx >=14
  - libzlib >=1.3.1,<2.0a0
  - perl
  - python
  - zstd >=1.5.7,<1.6.0a0
  license: GPL-3.0-or-later
  license_family: GPL3
  purls: []
  size: 11604543
  timestamp: 1771303108096
- conda: https://conda.anaconda.org/bioconda/linux-64/bwa-0.7.19-h577a1d6_1.tar.bz2
  sha256: 6914985666bd9527a86a103251cd0e29667f0857b7fe0a47c55b389e3a3b37be
  md5: 2c484db6388422f7c2d44d8bcc82f047
  depends:
  - libgcc >=13
  - libzlib >=1.3.1,<2.0a0
  - perl
  license: GPL-3.0-or-later
  license_family: GPL3
  purls: []
  size: 654258
  timestamp: 1747108676418
- conda: https://conda.anaconda.org/bioconda/linux-64/bwa-mem2-2.3-he70b90d_0.tar.bz2
  sha256: 7ccf117aa586d663e12181e60f0cf60215fb162515e0b6e98517f5e108613d41
  md5: c343a08cd26491362cc2f388e763698a
  depends:
  - libgcc
  - libgcc-ng >=12
  - libstdcxx
  - libstdcxx-ng >=12
  - libzlib >=1.3.1,<2.0a0
  license: MIT
  license_family: MIT
  purls: []
  size: 3139099
  timestamp: 1751493038078
- conda: https://conda.anaconda.org/bioconda/linux-64/htslib-1.24-ha79157c_0.conda
  sha256: 97e0f0b8700f56b1ade3034f81070ede705fce3ef9a1b5f15e79e3eb9997ac17
  md5: 232775112c6fea38e9e7c25d2a58d7d2
  depends:
  - __glibc >=2.17,<3.0.a0
  - bzip2 >=1.0.8,<2.0a0
  - libcurl >=8.21.0,<9.0a0
  - libdeflate >=1.25,<1.26.0a0
  - libgcc >=14
  - liblzma >=5.8.3,<6.0a0
  - libzlib >=1.3.2,<2.0a0
  - openssl >=3.5.7,<4.0a0
  license: MIT
  license_family: MIT
  size: 1166222
  timestamp: 1783611817902
- conda: https://conda.anaconda.org/bioconda/linux-64/k8-1.2-he8db53b_6.tar.bz2
  sha256: 35143205ef4684f417f047c649aea110e0ceb1d6891001511dbceb2dea08be3d
  md5: 6c44663f234185cc54d7a90c4d7a555a
  depends:
  - __glibc >=2.17,<3.0.a0
  - libgcc >=13
  - libstdcxx >=13
  - libzlib >=1.3.1,<2.0a0
  - sysroot_linux-64 >=2.17
  license: MIT
  license_family: MIT
  purls: []
  size: 7535090
  timestamp: 1748942479223
- conda: https://conda.anaconda.org/bioconda/linux-64/minimap2-2.31-h118bc1c_0.conda
  sha256: 344fe7b5328ff635dc2b8914b05e003053e136446e456b81e1b4b5fca1a9cedd
  md5: 9134876c84df5b48841bfe743cfd7b67
  depends:
  - __glibc >=2.17,<3.0.a0
  - k8
  - libgcc >=14
  - libzlib >=1.3.2,<2.0a0
  license: MIT
  license_family: MIT
  purls: []
  size: 1041274
  timestamp: 1779234363154
- conda: https://conda.anaconda.org/bioconda/linux-64/pybedtools-0.12.0-py312hedfda1a_1.conda
  sha256: 652def54b896d1b66e785f01a2cfcadd5e30730d3755a5d18deffb850f4f1447
  md5: e721140d07e3e643005edf9740d876b3
  depends:
  - __glibc >=2.17,<3.0.a0
  - bedtools
  - libgcc >=14
  - libstdcxx >=14
  - libzlib >=1.3.2,<2.0a0
  - numpy
  - pysam
  - python >=3.12,<3.13.0a0
  - python_abi 3.12.* *_cp312
  license: MIT
  license_family: MIT
  size: 12526070
  timestamp: 1781544218190
- conda: https://conda.anaconda.org/bioconda/linux-64/pysam-0.24.0-py312hf5ad864_1.conda
  sha256: cea331ad0156a060b4ee9f534daee29da451439679e5b4d2d1558ddaa4102f61
  md5: f94309496d6273c25f0f0a499b75b2fb
  depends:
  - __glibc >=2.17,<3.0.a0
  - bzip2 >=1.0.8,<2.0a0
  - libcurl >=8.20.0,<9.0a0
  - libdeflate >=1.25,<1.26.0a0
  - libgcc >=14
  - liblzma >=5.8.3,<6.0a0
  - libzlib >=1.3.2,<2.0a0
  - openssl >=3.5.7,<4.0a0
  - python >=3.12,<3.13.0a0
  - python_abi 3.12.* *_cp312
  license: MIT
  size: 3908681
  timestamp: 1781873141976
- conda: https://conda.anaconda.org/bioconda/linux-64/samtools-1.24-h9dcdb79_1.conda
  sha256: 18fd604932d0fc197dcfdd54d67e7c54770a2d8eca819e03074556ed9cd3422e
  md5: 9cbf5a1cbce4f7d997a4e3e2a27343f1
  depends:
  - __glibc >=2.17,<3.0.a0
  - htslib >=1.24,<1.25.0a0
  - libgcc >=14
  - libzlib >=1.3.2,<2.0a0
  - ncurses >=6.6,<7.0a0
  license: MIT
  size: 504278
  timestamp: 1784062341168
- conda: https://conda.anaconda.org/conda-forge/linux-64/_openmp_mutex-4.5-20_gnu.conda
  build_number: 20
  sha256: 1dd3fffd892081df9726d7eb7e0dea6198962ba775bd88842135a4ddb4deb3c9
  md5: a9f577daf3de00bca7c3c76c0ecbd1de
  depends:
  - __glibc >=2.17,<3.0.a0
  - libgomp >=7.5.0
  constrains:
  - openmp_impl <0.0a0
  license: BSD-3-Clause
  license_family: BSD
  purls: []
  run_exports:
    strong:
    - _openmp_mutex >=4.5
  size: 28948
  timestamp: 1770939786096
- conda: https://conda.anaconda.org/conda-forge/linux-64/biopython-1.87-py312h4c3975b_0.conda
  sha256: 8439485bab2f8ae5af4069b624d76186939c5218d3fdf33c49fc67a48605ccc5
  md5: 2eb5b71dfcfb2a316d0307eb696bf11e
  depends:
  - __glibc >=2.17,<3.0.a0
  - libgcc >=14
  - numpy
  - python >=3.12,<3.13.0a0
  - python_abi 3.12.* *_cp312
  license: LicenseRef-Biopython
  purls:
  - pkg:pypi/biopython?source=hash-mapping
  run_exports: {}
  size: 3306754
  timestamp: 1774882187035
- conda: https://conda.anaconda.org/conda-forge/linux-64/bzip2-1.0.8-hda65f42_9.conda
  sha256: 0b75d45f0bba3e95dc693336fa51f40ea28c980131fec438afb7ce6118ed05f6
  md5: d2ffd7602c02f2b316fd921d39876885
  depends:
  - __glibc >=2.17,<3.0.a0
  - libgcc >=14
  license: bzip2-1.0.6
  license_family: BSD
  purls: []
  run_exports:
    weak:
    - bzip2 >=1.0.8,<2.0a0
  size: 260182
  timestamp: 1771350215188
- conda: https://conda.anaconda.org/conda-forge/linux-64/c-ares-1.34.8-hb03c661_0.conda
  sha256: dee93a82d045f9aa8277829aa465224afa3c7a6ac18388de66099b2be7f705e7
  md5: 6130ad6705adc993b5d8482b7f66e01f
  depends:
  - __glibc >=2.17,<3.0.a0
  - libgcc >=14
  license: MIT
  license_family: MIT
  purls: []
  run_exports:
    weak:
    - c-ares >=1.34.8,<2.0a0
  size: 210929
  timestamp: 1784091008551
- conda: https://conda.anaconda.org/conda-forge/linux-64/gsl-2.7-he838d99_0.tar.bz2
  sha256: 132a918b676dd1f533d7c6f95e567abf7081a6ea3251c3280de35ef600e0da87
  md5: fec079ba39c9cca093bf4c00001825de
  depends:
  - libblas >=3.8.0,<4.0a0
  - libcblas >=3.8.0,<4.0a0
  - libgcc-ng >=9.3.0
  license: GPL-3.0-or-later
  license_family: GPL
  purls: []
  run_exports:
    weak:
    - gsl >=2.7,<2.8.0a0
  size: 3376423
  timestamp: 1626369596591
- conda: https://conda.anaconda.org/conda-forge/linux-64/icu-78.3-h33c6efd_0.conda
  sha256: fbf86c4a59c2ed05bbffb2ba25c7ed94f6185ec30ecb691615d42342baa1a16a
  md5: c80d8a3b84358cb967fa81e7075fbc8a
  depends:
  - __glibc >=2.17,<3.0.a0
  - libgcc >=14
  - libstdcxx >=14
  license: MIT
  license_family: MIT
  purls: []
  run_exports:
    weak:
    - icu >=78.3,<79.0a0
  size: 12723451
  timestamp: 1773822285671
- conda: https://conda.anaconda.org/conda-forge/linux-64/keyutils-1.6.3-hb9d3cd8_0.conda
  sha256: 0960d06048a7185d3542d850986d807c6e37ca2e644342dd0c72feefcf26c2a4
  md5: b38117a3c920364aff79f870c984b4a3
  depends:
  - __glibc >=2.17,<3.0.a0
  - libgcc >=13
  license: LGPL-2.1-or-later
  purls: []
  run_exports:
    weak:
    - keyutils >=1.6.3,<2.0a0
  size: 134088
  timestamp: 1754905959823
- conda: https://conda.anaconda.org/conda-forge/linux-64/krb5-1.22.2-hbde042b_1.conda
  sha256: 9b07046870772f28740e3f6149f09ff222843733087a33c5540b169c6289652d
  md5: 54157a1c8c0bb70f62dd0b17fba7e7f2
  depends:
  - __glibc >=2.17,<3.0.a0
  - keyutils >=1.6.3,<2.0a0
  - libedit >=3.1.20250104,<3.2.0a0
  - libedit >=3.1.20250104,<4.0a0
  - libgcc >=14
  - libstdcxx >=14
  - openssl >=3.5.7,<4.0a0
  license: MIT
  license_family: MIT
  purls: []
  run_exports:
    weak:
    - krb5 >=1.22.2,<1.23.0a0
  size: 1388990
  timestamp: 1781859420533
- conda: https://conda.anaconda.org/conda-forge/linux-64/ld_impl_linux-64-2.46.1-default_hbd61a6d_102.conda
  sha256: 27d83f1188cd19bcb7754a078b3fa7f4cfb8527f8eb2fde54dd01fc529d1adec
  md5: 449500f2c089da11c40f5c21312e3e07
  depends:
  - __glibc >=2.17,<3.0.a0
  - zstd >=1.5.7,<1.6.0a0
  constrains:
  - binutils_impl_linux-64 2.46.1
  license: GPL-3.0-only
  license_family: GPL
  purls: []
  run_exports: {}
  size: 745303
  timestamp: 1784214507189
- conda: https://conda.anaconda.org/conda-forge/linux-64/libblas-3.11.0-8_h4a7cf45_openblas.conda
  build_number: 8
  sha256: b2da6bfd72a1c9cb143ccf64bf5b28790cb4eb58bd1cb978f6537b2322f7d48b
  md5: 00fc660ab1b2f5ca07e92b4900d10c79
  depends:
  - libopenblas >=0.3.33,<0.3.34.0a0
  - libopenblas >=0.3.33,<1.0a0
  constrains:
  - blas 2.308   openblas
  - mkl <2027
  - libcblas   3.11.0   8*_openblas
  - liblapack  3.11.0   8*_openblas
  - liblapacke 3.11.0   8*_openblas
  license: BSD-3-Clause
  license_family: BSD
  purls: []
  run_exports:
    weak:
    - libblas >=3.11.0,<4.0a0
  size: 18804
  timestamp: 1779859100675
- conda: https://conda.anaconda.org/conda-forge/linux-64/libcblas-3.11.0-8_h0358290_openblas.conda
  build_number: 8
  sha256: 1a2bc77bb26520255904a3d9b1f40e6bf0bf9d8d3405c7709dd162282820915a
  md5: 33a413f1095f8325e5c30fde3b0d2445
  depends:
  - libblas 3.11.0 8_h4a7cf45_openblas
  constrains:
  - blas 2.308   openblas
  - liblapacke 3.11.0   8*_openblas
  - liblapack  3.11.0   8*_openblas
  license: BSD-3-Clause
  license_family: BSD
  purls: []
  run_exports:
    weak:
    - libcblas >=3.11.0,<4.0a0
  size: 18778
  timestamp: 1779859107964
- conda: https://conda.anaconda.org/conda-forge/linux-64/libcurl-8.21.0-hae6b9f4_2.conda
  sha256: ba8354084b34fce56d5697982fce4a384c148e972e15c0ab891187617fe7ec29
  md5: f9c59d277a16ec8f272b2d5dd2ec3335
  depends:
  - __glibc >=2.17,<3.0.a0
  - krb5 >=1.22.2,<1.23.0a0
  - libgcc >=14
  - libnghttp2 >=1.68.1,<2.0a0
  - libpsl >=0.22.0,<0.23.0a0
  - libssh2 >=1.11.1,<2.0a0
  - libzlib >=1.3.2,<2.0a0
  - openssl >=3.5.7,<4.0a0
  - zstd >=1.5.7,<1.6.0a0
  license: curl
  license_family: MIT
  purls: []
  run_exports:
    weak:
    - libcurl >=8.21.0,<9.0a0
  size: 480327
  timestamp: 1782911787190
- conda: https://conda.anaconda.org/conda-forge/linux-64/libdeflate-1.25-h17f619e_0.conda
  sha256: aa8e8c4be9a2e81610ddf574e05b64ee131fab5e0e3693210c9d6d2fba32c680
  md5: 6c77a605a7a689d17d4819c0f8ac9a00
  depends:
  - __glibc >=2.17,<3.0.a0
  - libgcc >=14
  license: MIT
  license_family: MIT
  purls: []
  run_exports:
    weak:
    - libdeflate >=1.25,<1.26.0a0
  size: 73490
  timestamp: 1761979956660
- conda: https://conda.anaconda.org/conda-forge/linux-64/libedit-3.1.20250104-pl5321h7949ede_0.conda
  sha256: d789471216e7aba3c184cd054ed61ce3f6dac6f87a50ec69291b9297f8c18724
  md5: c277e0a4d549b03ac1e9d6cbbe3d017b
  depends:
  - ncurses
  - __glibc >=2.17,<3.0.a0
  - libgcc >=13
  - ncurses >=6.5,<7.0a0
  license: BSD-2-Clause
  license_family: BSD
  purls: []
  run_exports:
    weak:
    - libedit >=3.1.20250104,<3.2.0a0
  size: 134676
  timestamp: 1738479519902
- conda: https://conda.anaconda.org/conda-forge/linux-64/libev-4.33-hd590300_2.conda
  sha256: 1cd6048169fa0395af74ed5d8f1716e22c19a81a8a36f934c110ca3ad4dd27b4
  md5: 172bf1cd1ff8629f2b1179945ed45055
  depends:
  - libgcc-ng >=12
  license: BSD-2-Clause
  license_family: BSD
  purls: []
  run_exports:
    weak:
    - libev >=4.33,<4.34.0a0
  size: 112766
  timestamp: 1702146165126
- conda: https://conda.anaconda.org/conda-forge/linux-64/libexpat-2.8.1-hecca717_1.conda
  sha256: 16feffd9ddbbe5b718515d38ee376c685ba95491cd901244e24671d20b952a77
  md5: b24d3c612f71e7aa74158d92106318b2
  depends:
  - __glibc >=2.17,<3.0.a0
  - libgcc >=14
  constrains:
  - expat 2.8.1.*
  license: MIT
  license_family: MIT
  purls: []
  run_exports: {}
  size: 77856
  timestamp: 1781203599810
- conda: https://conda.anaconda.org/conda-forge/linux-64/libffi-3.5.2-h3435931_0.conda
  sha256: 31f19b6a88ce40ebc0d5a992c131f57d919f73c0b92cd1617a5bec83f6e961e6
  md5: a360c33a5abe61c07959e449fa1453eb
  depends:
  - __glibc >=2.17,<3.0.a0
  - libgcc >=14
  license: MIT
  license_family: MIT
  purls: []
  run_exports:
    weak:
    - libffi >=3.5.2,<3.6.0a0
  size: 58592
  timestamp: 1769456073053
- conda: https://conda.anaconda.org/conda-forge/linux-64/libgcc-15.2.0-he0feb66_19.conda
  sha256: 8e0a3b5e41272e5678499b5dfc4cddb673f9e935de01eb0767ce857001229f46
  md5: 57736f29cc2b0ec0b6c2952d3f101b6a
  depends:
  - __glibc >=2.17,<3.0.a0
  - _openmp_mutex >=4.5
  constrains:
  - libgcc-ng ==15.2.0=*_19
  - libgomp 15.2.0 he0feb66_19
  license: GPL-3.0-only WITH GCC-exception-3.1
  license_family: GPL
  purls: []
  run_exports: {}
  size: 1041084
  timestamp: 1778269013026
- conda: https://conda.anaconda.org/conda-forge/linux-64/libgcc-ng-15.2.0-h69a702a_19.conda
  sha256: 9dcf54adfaa5e861123c2da4f2f0451a685464ea7e5a41ad91cf67b31d658d98
  md5: 331ee9b72b9dff570d56b1302c5ab37d
  depends:
  - libgcc 15.2.0 he0feb66_19
  license: GPL-3.0-only WITH GCC-exception-3.1
  license_family: GPL
  purls: []
  run_exports:
    strong:
    - libgcc
  size: 27694
  timestamp: 1778269016987
- conda: https://conda.anaconda.org/conda-forge/linux-64/libgfortran-15.2.0-h69a702a_19.conda
  sha256: 561a42758ef25b9ce308c4e2cf56daee4f06138385a17e29a492cd928e00be6f
  md5: 42bf7eca1a951735fa06c0e3c0d5c8e6
  depends:
  - libgfortran5 15.2.0 h68bc16d_19
  constrains:
  - libgfortran-ng ==15.2.0=*_19
  license: GPL-3.0-only WITH GCC-exception-3.1
  license_family: GPL
  purls: []
  run_exports: {}
  size: 27655
  timestamp: 1778269042954
- conda: https://conda.anaconda.org/conda-forge/linux-64/libgfortran5-15.2.0-h68bc16d_19.conda
  sha256: 057978bb69fea29ed715a9b98adf71015c31baecc4aeb2bfc20d4fd5d83579d4
  md5: 85072b0ad177c966294f129b7c04a2d5
  depends:
  - __glibc >=2.17,<3.0.a0
  - libgcc >=15.2.0
  constrains:
  - libgfortran 15.2.0
  license: GPL-3.0-only WITH GCC-exception-3.1
  license_family: GPL
  purls: []
  run_exports: {}
  size: 2483673
  timestamp: 1778269025089
- conda: https://conda.anaconda.org/conda-forge/linux-64/libgomp-15.2.0-he0feb66_19.conda
  sha256: 5abe4ab9d93f6c9757d654f1969ae2267d4505315c1f2f8fe705fd60af084f1b
  md5: faac990cb7aedc7f3a2224f2c9b0c26c
  depends:
  - __glibc >=2.17,<3.0.a0
  license: GPL-3.0-only WITH GCC-exception-3.1
  license_family: GPL
  purls: []
  run_exports:
    strong:
    - _openmp_mutex >=4.5
  size: 603817
  timestamp: 1778268942614
- conda: https://conda.anaconda.org/conda-forge/linux-64/liblapack-3.11.0-8_h47877c9_openblas.conda
  build_number: 8
  sha256: 168e327d737059553e15cc6ec36d76b9bbb3931c2a7721555fd68b4c9348b247
  md5: 809be8ba8712c77bc7d44c2d99390dc4
  depends:
  - libblas 3.11.0 8_h4a7cf45_openblas
  constrains:
  - blas 2.308   openblas
  - libcblas   3.11.0   8*_openblas
  - liblapacke 3.11.0   8*_openblas
  license: BSD-3-Clause
  license_family: BSD
  purls: []
  run_exports:
    weak:
    - liblapack >=3.11.0,<3.12.0a0
  size: 18790
  timestamp: 1779859115086
- conda: https://conda.anaconda.org/conda-forge/linux-64/liblzma-5.8.3-hb03c661_0.conda
  sha256: ec30e52a3c1bf7d0425380a189d209a52baa03f22fb66dd3eb587acaa765bd6d
  md5: b88d90cad08e6bc8ad540cb310a761fb
  depends:
  - __glibc >=2.17,<3.0.a0
  - libgcc >=14
  constrains:
  - xz 5.8.3.*
  license: 0BSD
  purls: []
  run_exports:
    weak:
    - liblzma >=5.8.3,<6.0a0
  size: 113478
  timestamp: 1775825492909
- conda: https://conda.anaconda.org/conda-forge/linux-64/libnghttp2-1.68.1-h877daf1_0.conda
  sha256: 663444d77a42f2265f54fb8b48c5450bfff4388d9c0f8253dd7855f0d993153f
  md5: 2a45e7f8af083626f009645a6481f12d
  depends:
  - __glibc >=2.17,<3.0.a0
  - c-ares >=1.34.6,<2.0a0
  - libev >=4.33,<4.34.0a0
  - libev >=4.33,<5.0a0
  - libgcc >=14
  - libstdcxx >=14
  - libzlib >=1.3.1,<2.0a0
  - openssl >=3.5.5,<4.0a0
  license: MIT
  license_family: MIT
  purls: []
  run_exports:
    weak:
    - libnghttp2 >=1.68.1,<2.0a0
  size: 663344
  timestamp: 1773854035739
- conda: https://conda.anaconda.org/conda-forge/linux-64/libnsl-2.0.1-hb9d3cd8_1.conda
  sha256: 927fe72b054277cde6cb82597d0fcf6baf127dcbce2e0a9d8925a68f1265eef5
  md5: d864d34357c3b65a4b731f78c0801dc4
  depends:
  - __glibc >=2.17,<3.0.a0
  - libgcc >=13
  license: LGPL-2.1-only
  license_family: GPL
  purls: []
  run_exports:
    weak:
    - libnsl >=2.0.1,<2.1.0a0
  size: 33731
  timestamp: 1750274110928
- conda: https://conda.anaconda.org/conda-forge/linux-64/libopenblas-0.3.33-pthreads_h94d23a6_0.conda
  sha256: 3d9aa85648e5e18a6d66db98b8c4317cc426721ad7a220aa86330d1ccedc8903
  md5: 2d3278b721e40468295ca755c3b84070
  depends:
  - __glibc >=2.17,<3.0.a0
  - libgcc >=14
  - libgfortran
  - libgfortran5 >=14.3.0
  constrains:
  - openblas >=0.3.33,<0.3.34.0a0
  license: BSD-3-Clause
  license_family: BSD
  purls: []
  run_exports:
    weak:
    - libopenblas >=0.3.33,<1.0a0
  size: 5931919
  timestamp: 1776993658641
- conda: https://conda.anaconda.org/conda-forge/linux-64/libpsl-0.22.0-h49b2146_1.conda
  sha256: 71118885feab91c61bea4e9532ec46e0653b24f02e563681f822915aee8435bb
  md5: af5ddfb52ad25d833c70c7511478d4eb
  depends:
  - __glibc >=2.17,<3.0.a0
  - icu >=78.3,<79.0a0
  - libgcc >=14
  - libstdcxx >=14
  license: MIT
  license_family: MIT
  purls: []
  run_exports:
    weak:
    - libpsl >=0.22.0,<0.23.0a0
  size: 70092
  timestamp: 1783936855082
- conda: https://conda.anaconda.org/conda-forge/linux-64/libsqlite-3.53.3-h0c1763c_0.conda
  sha256: 365376f4815e5e80def2b3462a2419708b7c292da0da85278386c2618621fff4
  md5: 4aed8e657e9ff156bdbe849b4df44389
  depends:
  - __glibc >=2.17,<3.0.a0
  - libgcc >=14
  - libzlib >=1.3.2,<2.0a0
  license: blessing
  purls: []
  run_exports:
    weak:
    - libsqlite >=3.53.3,<4.0a0
  size: 962119
  timestamp: 1782519076616
- conda: https://conda.anaconda.org/conda-forge/linux-64/libssh2-1.11.1-hcf80075_0.conda
  sha256: fa39bfd69228a13e553bd24601332b7cfeb30ca11a3ca50bb028108fe90a7661
  md5: eecce068c7e4eddeb169591baac20ac4
  depends:
  - __glibc >=2.17,<3.0.a0
  - libgcc >=13
  - libzlib >=1.3.1,<2.0a0
  - openssl >=3.5.0,<4.0a0
  license: BSD-3-Clause
  license_family: BSD
  purls: []
  run_exports:
    weak:
    - libssh2 >=1.11.1,<2.0a0
  size: 304790
  timestamp: 1745608545575
- conda: https://conda.anaconda.org/conda-forge/linux-64/libstdcxx-15.2.0-h934c35e_19.conda
  sha256: dff1058c76ec6b8759e41cefa2508162d00e4a5e6721aa68ec3fd10094e702dc
  md5: 5794b3bdc38177caf969dabd3af08549
  depends:
  - __glibc >=2.17,<3.0.a0
  - libgcc 15.2.0 he0feb66_19
  constrains:
  - libstdcxx-ng ==15.2.0=*_19
  license: GPL-3.0-only WITH GCC-exception-3.1
  license_family: GPL
  purls: []
  run_exports: {}
  size: 5852044
  timestamp: 1778269036376
- conda: https://conda.anaconda.org/conda-forge/linux-64/libstdcxx-ng-15.2.0-hdf11a46_19.conda
  sha256: 0672b6b6e1791c92e8eccad58081a99d614fcf82bca5841f9dfa3c3e658f83b9
  md5: e5ce228e579726c07255dbf90dc62101
  depends:
  - libstdcxx 15.2.0 h934c35e_19
  license: GPL-3.0-only WITH GCC-exception-3.1
  license_family: GPL
  purls: []
  run_exports:
    strong:
    - libstdcxx
  size: 27776
  timestamp: 1778269074600
- conda: https://conda.anaconda.org/conda-forge/linux-64/libuuid-2.42.2-h5347b49_0.conda
  sha256: 9b1bdce27a7e31f7d241aeecff67a1f3101d52a2b1e33ccc2cdf2613072bf81f
  md5: 01bb81d12c957de066ea7362007df642
  depends:
  - libgcc >=14
  - __glibc >=2.17,<3.0.a0
  license: BSD-3-Clause
  license_family: BSD
  purls: []
  run_exports:
    weak:
    - libuuid >=2.42.2,<3.0a0
  size: 40017
  timestamp: 1781625522462
- conda: https://conda.anaconda.org/conda-forge/linux-64/libxcrypt-4.4.36-hd590300_1.conda
  sha256: 6ae68e0b86423ef188196fff6207ed0c8195dd84273cb5623b85aa08033a410c
  md5: 5aa797f8787fe7a17d1b0821485b5adc
  depends:
  - libgcc-ng >=12
  license: LGPL-2.1-or-later
  purls: []
  run_exports:
    weak:
    - libxcrypt >=4.4.36
  size: 100393
  timestamp: 1702724383534
- conda: https://conda.anaconda.org/conda-forge/linux-64/libzlib-1.3.2-h25fd6f3_2.conda
  sha256: 55044c403570f0dc26e6364de4dc5368e5f3fc7ff103e867c487e2b5ab2bcda9
  md5: d87ff7921124eccd67248aa483c23fec
  depends:
  - __glibc >=2.17,<3.0.a0
  constrains:
  - zlib 1.3.2 *_2
  license: Zlib
  license_family: Other
  purls: []
  run_exports:
    weak:
    - libzlib >=1.3.2,<2.0a0
  size: 63629
  timestamp: 1774072609062
- conda: https://conda.anaconda.org/conda-forge/linux-64/ncurses-6.6-hdb14827_0.conda
  sha256: fc89f74bbe362fb29fa3c037697a89bec140b346a2469a90f7936d1d7ea4d8a3
  md5: fc21868a1a5aacc937e7a18747acb8a5
  depends:
  - __glibc >=2.17,<3.0.a0
  - libgcc >=14
  license: X11 AND BSD-3-Clause
  purls: []
  run_exports:
    weak:
    - ncurses >=6.6,<7.0a0
  size: 918956
  timestamp: 1777422145199
- conda: https://conda.anaconda.org/conda-forge/linux-64/numpy-2.5.1-py312h33ff503_0.conda
  sha256: 2941c4a5fee88fe1c91c0d95b65e3a292d078f6655b53ff60f4813a44349c83e
  md5: 3b7525d598ec0d0365ebd2378160a02f
  depends:
  - python
  - libstdcxx >=14
  - libgcc >=14
  - __glibc >=2.17,<3.0.a0
  - libcblas >=3.9.0,<4.0a0
  - python_abi 3.12.* *_cp312
  - liblapack >=3.9.0,<4.0a0
  - libblas >=3.9.0,<4.0a0
  constrains:
  - numpy-base <0a0
  license: BSD-3-Clause
  license_family: BSD
  purls:
  - pkg:pypi/numpy?source=compressed-mapping
  run_exports:
    weak:
    - numpy >=1.25,<3
  size: 8929128
  timestamp: 1783206200235
- conda: https://conda.anaconda.org/conda-forge/linux-64/openssl-3.6.3-h35e630c_0.conda
  sha256: d48f5c22b9897c01e4dff3680f1f57ceb02711ab9c62f74339b080419dfad34b
  md5: 79dd2074b5cd5c5c6b2930514a11e22d
  depends:
  - __glibc >=2.17,<3.0.a0
  - ca-certificates
  - libgcc >=14
  license: Apache-2.0
  license_family: Apache
  purls: []
  run_exports:
    weak:
    - openssl >=3.6.3,<4.0a0
  size: 3159683
  timestamp: 1781069855778
- conda: https://conda.anaconda.org/conda-forge/linux-64/perl-5.32.1-7_hd590300_perl5.conda
  build_number: 7
  sha256: 9ec32b6936b0e37bcb0ed34f22ec3116e75b3c0964f9f50ecea5f58734ed6ce9
  md5: f2cfec9406850991f4e3d960cc9e3321
  depends:
  - libgcc-ng >=12
  - libxcrypt >=4.4.36
  license: GPL-1.0-or-later OR Artistic-1.0-Perl
  purls: []
  run_exports:
    weak:
    - perl >=5.32.1,<5.33.0a0 *_perl5
    noarch:
    - perl >=5.32.1,<6.0a0 *_perl5
  size: 13344463
  timestamp: 1703310653947
- conda: https://conda.anaconda.org/conda-forge/linux-64/python-3.12.13-hd63d673_0_cpython.conda
  sha256: a44655c1c3e1d43ed8704890a91e12afd68130414ea2c0872e154e5633a13d7e
  md5: 7eccb41177e15cc672e1babe9056018e
  depends:
  - __glibc >=2.17,<3.0.a0
  - bzip2 >=1.0.8,<2.0a0
  - ld_impl_linux-64 >=2.36.1
  - libexpat >=2.7.4,<3.0a0
  - libffi >=3.5.2,<3.6.0a0
  - libgcc >=14
  - liblzma >=5.8.2,<6.0a0
  - libnsl >=2.0.1,<2.1.0a0
  - libsqlite >=3.51.2,<4.0a0
  - libuuid >=2.41.3,<3.0a0
  - libxcrypt >=4.4.36
  - libzlib >=1.3.1,<2.0a0
  - ncurses >=6.5,<7.0a0
  - openssl >=3.5.5,<4.0a0
  - readline >=8.3,<9.0a0
  - tk >=8.6.13,<8.7.0a0
  - tzdata
  constrains:
  - python_abi 3.12.* *_cp312
  license: Python-2.0
  purls: []
  run_exports:
    weak:
    - python_abi 3.12.* *_cp312
    noarch:
    - python
  size: 31608571
  timestamp: 1772730708989
- conda: https://conda.anaconda.org/conda-forge/linux-64/readline-8.3-h853b02a_0.conda
  sha256: 12ffde5a6f958e285aa22c191ca01bbd3d6e710aa852e00618fa6ddc59149002
  md5: d7d95fc8287ea7bf33e0e7116d2b95ec
  depends:
  - __glibc >=2.17,<3.0.a0
  - libgcc >=14
  - ncurses >=6.5,<7.0a0
  license: GPL-3.0-only
  license_family: GPL
  purls: []
  run_exports:
    weak:
    - readline >=8.3,<9.0a0
  size: 345073
  timestamp: 1765813471974
- conda: https://conda.anaconda.org/conda-forge/linux-64/tk-8.6.13-noxft_hd70dff1_3.conda
  build_number: 103
  sha256: 43624eab22f5f29df7d6ffe914cf442f28fd559b55b290906255492826e636e8
  md5: 48a1049e710857572fc2a832aa394d9f
  depends:
  - __glibc >=2.17,<3.0.a0
  - libgcc >=14
  - libzlib >=1.3.2,<2.0a0
  constrains:
  - xorg-libx11 >=1.8.13,<2.0a0
  license: TCL
  purls: []
  run_exports:
    weak:
    - tk >=8.6.13,<8.7.0a0
  size: 3550916
  timestamp: 1784229071544
- conda: https://conda.anaconda.org/conda-forge/linux-64/zstd-1.5.7-hb78ec9c_6.conda
  sha256: 68f0206ca6e98fea941e5717cec780ed2873ffabc0e1ed34428c061e2c6268c7
  md5: 4a13eeac0b5c8e5b8ab496e6c4ddd829
  depends:
  - __glibc >=2.17,<3.0.a0
  - libzlib >=1.3.1,<2.0a0
  license: BSD-3-Clause
  license_family: BSD
  purls: []
  run_exports:
    weak:
    - zstd >=1.5.7,<1.6.0a0
  size: 601375
  timestamp: 1764777111296
- conda: https://conda.anaconda.org/conda-forge/noarch/ca-certificates-2026.6.17-hbd8a1cb_0.conda
  sha256: f8e3c730fa14ee3f170493779f06522c4acf89169f43db4f039727709b6419cf
  md5: a9965dd99f683c5f444428f896635716
  depends:
  - __unix
  license: ISC
  purls: []
  run_exports: {}
  size: 128866
  timestamp: 1781708962055
- conda: https://conda.anaconda.org/conda-forge/noarch/kernel-headers_linux-64-4.18.0-he073ed8_9.conda
  sha256: 41557eeadf641de6aeae49486cef30d02a6912d8da98585d687894afd65b356a
  md5: 86d9cba083cd041bfbf242a01a7a1999
  constrains:
  - sysroot_linux-64 ==2.28
  license: LGPL-2.0-or-later AND LGPL-2.0-or-later WITH exceptions AND GPL-2.0-or-later
  license_family: GPL
  purls: []
  run_exports: {}
  size: 1278712
  timestamp: 1765578681495
- conda: https://conda.anaconda.org/conda-forge/noarch/python_abi-3.12-8_cp312.conda
  build_number: 8
  sha256: 80677180dd3c22deb7426ca89d6203f1c7f1f256f2d5a94dc210f6e758229809
  md5: c3efd25ac4d74b1584d2f7a57195ddf1
  constrains:
  - python 3.12.* *_cpython
  license: BSD-3-Clause
  license_family: BSD
  purls: []
  run_exports: {}
  size: 6958
  timestamp: 1752805918820
- conda: https://conda.anaconda.org/conda-forge/noarch/sysroot_linux-64-2.28-h4ee821c_9.conda
  sha256: c47299fe37aebb0fcf674b3be588e67e4afb86225be4b0d452c7eb75c086b851
  md5: 13dc3adbc692664cd3beabd216434749
  depends:
  - __glibc >=2.28
  - kernel-headers_linux-64 4.18.0 he073ed8_9
  - tzdata
  license: LGPL-2.0-or-later AND LGPL-2.0-or-later WITH exceptions AND GPL-2.0-or-later
  license_family: GPL
  purls: []
  run_exports:
    strong:
    - __glibc >=2.28,<3.0.a0
  size: 24008591
  timestamp: 1765578833462
- conda: https://conda.anaconda.org/conda-forge/noarch/tzdata-2026c-h151e31d_0.conda
  sha256: b928c30ddcb0e3f544c6eade8352737e6e610e263276b90232db6a578ef899d8
  md5: fcb489df604d100968b737f2cb6076c6
  license: LicenseRef-Public-Domain
  purls: []
  run_exports: {}
  size: 118849
  timestamp: 1784250406640
- pypi: /rhome/nmath020/bigdata/github/github_tools/RelocaTE/RelocaTE3_jason/RelocaTE3
  name: relocate3
  requires_dist:
  - biopython>=1.81
  - pybedtools
  - pysam
  requires_python: '>=3.10'
- pypi: https://files.pythonhosted.org/packages/55/0f/e7f1ff3a1cabc6c4486a7ee1b0506aedf2f5f8329760ac1f4e8032feef2b/pysam-0.24.0-cp312-cp312-manylinux_2_27_x86_64.manylinux_2_28_x86_64.whl
  name: pysam
  version: 0.24.0
  sha256: 4a642f18649e59817de272173e9c27c031dceaca199809e4f8b338ebfc5d6698
  requires_python: '>=3.8'
- pypi: https://files.pythonhosted.org/packages/65/b6/09b01cdbc15224e2850365192d17b7bdebb8bdbd8780ed221fcdf0d9a515/pandas-3.0.3-cp312-cp312-manylinux_2_24_x86_64.manylinux_2_28_x86_64.whl
  name: pandas
  version: 3.0.3
  sha256: 6dc0b3fd2169c9157deed50b4d519553a3655c8c6a96027136d654592be973a9
  requires_dist:
  - numpy>=1.26.0 ; python_full_version < '3.14'
  - numpy>=2.3.3 ; python_full_version >= '3.14'
  - python-dateutil>=2.8.2
  - tzdata ; sys_platform == 'win32'
  - tzdata ; sys_platform == 'emscripten'
  - hypothesis>=6.116.0 ; extra == 'test'
  - pytest>=8.3.4 ; extra == 'test'
  - pytest-xdist>=3.6.1 ; extra == 'test'
  - pyarrow>=13.0.0 ; extra == 'pyarrow'
  - bottleneck>=1.4.2 ; extra == 'performance'
  - numba>=0.60.0 ; extra == 'performance'
  - numexpr>=2.10.2 ; extra == 'performance'
  - scipy>=1.14.1 ; extra == 'computation'
  - xarray>=2024.10.0 ; extra == 'computation'
  - fsspec>=2024.10.0 ; extra == 'fss'
  - s3fs>=2024.10.0 ; extra == 'aws'
  - gcsfs>=2024.10.0 ; extra == 'gcp'
  - odfpy>=1.4.1 ; extra == 'excel'
  - openpyxl>=3.1.5 ; extra == 'excel'
  - python-calamine>=0.3.0 ; extra == 'excel'
  - pyxlsb>=1.0.10 ; extra == 'excel'
  - xlrd>=2.0.1 ; extra == 'excel'
  - xlsxwriter>=3.2.0 ; extra == 'excel'
  - pyarrow>=13.0.0 ; extra == 'parquet'
  - pyarrow>=13.0.0 ; extra == 'feather'
  - pyiceberg>=0.8.1 ; extra == 'iceberg'
  - tables>=3.10.1 ; extra == 'hdf5'
  - pyreadstat>=1.2.8 ; extra == 'spss'
  - sqlalchemy>=2.0.36 ; extra == 'postgresql'
  - psycopg2>=2.9.10 ; extra == 'postgresql'
  - adbc-driver-postgresql>=1.2.0 ; extra == 'postgresql'
  - sqlalchemy>=2.0.36 ; extra == 'mysql'
  - pymysql>=1.1.1 ; extra == 'mysql'
  - sqlalchemy>=2.0.36 ; extra == 'sql-other'
  - adbc-driver-postgresql>=1.2.0 ; extra == 'sql-other'
  - adbc-driver-sqlite>=1.2.0 ; extra == 'sql-other'
  - beautifulsoup4>=4.12.3 ; extra == 'html'
  - html5lib>=1.1 ; extra == 'html'
  - lxml>=5.3.0 ; extra == 'html'
  - lxml>=5.3.0 ; extra == 'xml'
  - matplotlib>=3.9.3 ; extra == 'plot'
  - jinja2>=3.1.5 ; extra == 'output-formatting'
  - tabulate>=0.9.0 ; extra == 'output-formatting'
  - pyqt5>=5.15.9 ; extra == 'clipboard'
  - qtpy>=2.4.2 ; extra == 'clipboard'
  - zstandard>=0.23.0 ; extra == 'compression'
  - pytz>=2020.1 ; extra == 'timezone'
  - adbc-driver-postgresql>=1.2.0 ; extra == 'all'
  - adbc-driver-sqlite>=1.2.0 ; extra == 'all'
  - beautifulsoup4>=4.12.3 ; extra == 'all'
  - bottleneck>=1.4.2 ; extra == 'all'
  - fastparquet>=2024.11.0 ; extra == 'all'
  - fsspec>=2024.10.0 ; extra == 'all'
  - gcsfs>=2024.10.0 ; extra == 'all'
  - html5lib>=1.1 ; extra == 'all'
  - hypothesis>=6.116.0 ; extra == 'all'
  - jinja2>=3.1.5 ; extra == 'all'
  - lxml>=5.3.0 ; extra == 'all'
  - matplotlib>=3.9.3 ; extra == 'all'
  - numba>=0.60.0 ; extra == 'all'
  - numexpr>=2.10.2 ; extra == 'all'
  - odfpy>=1.4.1 ; extra == 'all'
  - openpyxl>=3.1.5 ; extra == 'all'
  - psycopg2>=2.9.10 ; extra == 'all'
  - pyarrow>=13.0.0 ; extra == 'all'
  - pyiceberg>=0.8.1 ; extra == 'all'
  - pymysql>=1.1.1 ; extra == 'all'
  - pyqt5>=5.15.9 ; extra == 'all'
  - pyreadstat>=1.2.8 ; extra == 'all'
  - pytest>=8.3.4 ; extra == 'all'
  - pytest-xdist>=3.6.1 ; extra == 'all'
  - python-calamine>=0.3.0 ; extra == 'all'
  - pytz>=2020.1 ; extra == 'all'
  - pyxlsb>=1.0.10 ; extra == 'all'
  - qtpy>=2.4.2 ; extra == 'all'
  - scipy>=1.14.1 ; extra == 'all'
  - s3fs>=2024.10.0 ; extra == 'all'
  - sqlalchemy>=2.0.36 ; extra == 'all'
  - tables>=3.10.1 ; extra == 'all'
  - tabulate>=0.9.0 ; extra == 'all'
  - xarray>=2024.10.0 ; extra == 'all'
  - xlrd>=2.0.1 ; extra == 'all'
  - xlsxwriter>=3.2.0 ; extra == 'all'
  - zstandard>=0.23.0 ; extra == 'all'
  requires_python: '>=3.11'
- pypi: https://files.pythonhosted.org/packages/89/93/5878b1eed2e0b6662002d069763025e4374c16ad3d18d8e10a9fefac7b16/pybedtools-0.12.0.tar.gz
  name: pybedtools
  version: 0.12.0
  sha256: 8786ec9f6579c81363c00b437344438df79cf128860e5cae2466926181547249
  requires_dist:
  - numpy
  - pysam
  - pandas
- pypi: https://files.pythonhosted.org/packages/b7/ce/149a00dd41f10bc29e5921b496af8b574d8413afcd5e30dfa0ed46c2cc5e/six-1.17.0-py2.py3-none-any.whl
  name: six
  version: 1.17.0
  sha256: 4721f391ed90541fddacab5acf947aa0d3dc7d27b2e1e8eda2be8970586c3274
  requires_python: '>=2.7,!=3.0.*,!=3.1.*,!=3.2.*'
- pypi: https://files.pythonhosted.org/packages/ec/57/56b9bcc3c9c6a792fcbaf139543cee77261f3651ca9da0c93f5c1221264b/python_dateutil-2.9.0.post0-py2.py3-none-any.whl
  name: python-dateutil
  version: 2.9.0.post0
  sha256: a8b2bc7bffae282281c8140a97d3aa9c14da0b136dfe83f850eea9a5f7470427
  requires_dist:
  - six>=1.5
  requires_python: '>=2.7,!=3.0.*,!=3.1.*,!=3.2.*'
